
Microsoft Visual Studio Solution File, Format Version 12.00
Project("{FAE04EC0-301F-11D3-BF4B-00C04F79EFBC}") = "HealthChecks.MySql", "src\HealthChecks.MySql\HealthChecks.MySql.csproj", "{CF627135-DD4A-42A9-AA99-4DF9E24EBA9C}"
EndProject
Project("{FAE04EC0-301F-11D3-BF4B-00C04F79EFBC}") = "Endpoint", "src\Endpoint\Endpoint.csproj", "{937BE138-4330-4651-80AA-FBCFC4AA690B}"
EndProject
Project("{FAE04EC0-301F-11D3-BF4B-00C04F79EFBC}") = "HealthChecks.Oracle", "src\HealthChecks.Oracle\HealthChecks.Oracle.csproj", "{98F71B27-58CD-4934-98E1-1FDA47E308D9}"
EndProject
Project("{FAE04EC0-301F-11D3-BF4B-00C04F79EFBC}") = "HealthChecks.MsSql", "src\HealthChecks.MsSql\HealthChecks.MsSql.csproj", "{C24B5E35-62D8-4A27-BC6D-CBCB6AC9A728}"
EndProject
Project("{FAE04EC0-301F-11D3-BF4B-00C04F79EFBC}") = "HealthChecks.NpgSql", "src\HealthChecks.NpgSql\HealthChecks.NpgSql.csproj", "{5A74DA8A-5DCC-48C6-BEA4-CFE8C557FB19}"
EndProject
Project("{FAE04EC0-301F-11D3-BF4B-00C04F79EFBC}") = "HealthChecks.Sqlite", "src\HealthChecks.Sqlite\HealthChecks.Sqlite.csproj", "{6840D716-62EC-4452-82A9-A83C9F9D6702}"
EndProject
Project("{FAE04EC0-301F-11D3-BF4B-00C04F79EFBC}") = "HealthChecks.Redis", "src\HealthChecks.Redis\HealthChecks.Redis.csproj", "{1D6749CA-0CB9-4499-B711-807F63D11EFF}"
EndProject
Project("{FAE04EC0-301F-11D3-BF4B-00C04F79EFBC}") = "HealthChecks.MongoDb", "src\HealthChecks.MongoDb\HealthChecks.MongoDb.csproj", "{B3B0E85A-3D54-40BE-BC9B-0BDAEB7E66C0}"
EndProject
Project("{FAE04EC0-301F-11D3-BF4B-00C04F79EFBC}") = "HealthChecks.Elasticsearch", "src\HealthChecks.Elasticsearch\HealthChecks.Elasticsearch.csproj", "{1B9668D4-6342-4BB1-B2F2-315AA5D794D1}"
EndProject
Project("{FAE04EC0-301F-11D3-BF4B-00C04F79EFBC}") = "HealthChecks.Kafka", "src\HealthChecks.Kafka\HealthChecks.Kafka.csproj", "{E76FE915-9812-477A-8D9F-24EC75D6A1ED}"
EndProject
Project("{FAE04EC0-301F-11D3-BF4B-00C04F79EFBC}") = "HealthChecks.Couchbase", "src\HealthChecks.Couchbase\HealthChecks.Couchbase.csproj", "{3A768EF5-D48C-46DD-8BDF-E6CB9D2BC0AD}"
EndProject
Project("{FAE04EC0-301F-11D3-BF4B-00C04F79EFBC}") = "HealthChecks.CockroachDb", "src\HealthChecks.CockroachDb\HealthChecks.CockroachDb.csproj", "{ABDAF348-CB1D-4D36-B8B6-D2CD92A026C8}"
EndProject
Project("{FAE04EC0-301F-11D3-BF4B-00C04F79EFBC}") = "HealthChecks.ClickHouse", "src\HealthChecks.ClickHouse\HealthChecks.ClickHouse.csproj", "{86A1095D-B3D6-44A6-AC94-D59419D99170}"
EndProject
Project("{FAE04EC0-301F-11D3-BF4B-00C04F79EFBC}") = "HealthChecks.Exasol", "src\HealthChecks.Exasol\HealthChecks.Exasol.csproj", "{CC49A829-1319-4A3C-9FD3-7B958BEFDB7F}"
EndProject
Project("{FAE04EC0-301F-11D3-BF4B-00C04F79EFBC}") = "HealthChecks.Greenplum", "src\HealthChecks.Greenplum\HealthChecks.Greenplum.csproj", "{A5541497-EB30-483E-B1E8-12EF7C2CD659}"
EndProject
Project("{FAE04EC0-301F-11D3-BF4B-00C04F79EFBC}") = "HealthChecks.Db2", "src\HealthChecks.Db2\HealthChecks.Db2.csproj", "{64F2C2B1-45F8-4EFE-A953-5386A489FDBC}"
EndProject
Project("{FAE04EC0-301F-11D3-BF4B-00C04F79EFBC}") = "HealthChecks.Sybase", "src\HealthChecks.Sybase\HealthChecks.Sybase.csproj", "{A06613C9-8020-49AE-BB8F-17F9FC9DCB9C}"
EndProject
Global
	GlobalSection(SolutionConfigurationPlatforms) = preSolution
		Debug|Any CPU = Debug|Any CPU
		Debug|x64 = Debug|x64
		Debug|x86 = Debug|x86
		Release|Any CPU = Release|Any CPU
		Release|x64 = Release|x64
		Release|x86 = Release|x86
	EndGlobalSection
	GlobalSection(ProjectConfigurationPlatforms) = postSolution
		{CF627135-DD4A-42A9-AA99-4DF9E24EBA9C}.Debug|Any CPU.ActiveCfg = Debug|Any CPU
		{CF627135-DD4A-42A9-AA99-4DF9E24EBA9C}.Debug|Any CPU.Build.0 = Debug|Any CPU
		{CF627135-DD4A-42A9-AA99-4DF9E24EBA9C}.Debug|x64.ActiveCfg = Debug|Any CPU
		{CF627135-DD4A-42A9-AA99-4DF9E24EBA9C}.Debug|x64.Build.0 = Debug|Any CPU
		{CF627135-DD4A-42A9-AA99-4DF9E24EBA9C}.Debug|x86.ActiveCfg = Debug|Any CPU
		{CF627135-DD4A-42A9-AA99-4DF9E24EBA9C}.Debug|x86.Build.0 = Debug|Any CPU
		{CF627135-DD4A-42A9-AA99-4DF9E24EBA9C}.Release|Any CPU.ActiveCfg = Release|Any CPU
		{CF627135-DD4A-42A9-AA99-4DF9E24EBA9C}.Release|Any CPU.Build.0 = Release|Any CPU
		{CF627135-DD4A-42A9-AA99-4DF9E24EBA9C}.Release|x64.ActiveCfg = Release|Any CPU
		{CF627135-DD4A-42A9-AA99-4DF9E24EBA9C}.Release|x64.Build.0 = Release|Any CPU
		{CF627135-DD4A-42A9-AA99-4DF9E24EBA9C}.Release|x86.ActiveCfg = Release|Any CPU
		{CF627135-DD4A-42A9-AA99-4DF9E24EBA9C}.Release|x86.Build.0 = Release|Any CPU
		{937BE138-4330-4651-80AA-FBCFC4AA690B}.Debug|Any CPU.ActiveCfg = Debug|Any CPU
		{937BE138-4330-4651-80AA-FBCFC4AA690B}.Debug|Any CPU.Build.0 = Debug|Any CPU
		{937BE138-4330-4651-80AA-FBCFC4AA690B}.Debug|x64.ActiveCfg = Debug|Any CPU
		{937BE138-4330-4651-80AA-FBCFC4AA690B}.Debug|x64.Build.0 = Debug|Any CPU
		{937BE138-4330-4651-80AA-FBCFC4AA690B}.Debug|x86.ActiveCfg = Debug|Any CPU
		{937BE138-4330-4651-80AA-FBCFC4AA690B}.Debug|x86.Build.0 = Debug|Any CPU
		{937BE138-4330-4651-80AA-FBCFC4AA690B}.Release|Any CPU.ActiveCfg = Release|Any CPU
		{937BE138-4330-4651-80AA-FBCFC4AA690B}.Release|Any CPU.Build.0 = Release|Any CPU
		{937BE138-4330-4651-80AA-FBCFC4AA690B}.Release|x64.ActiveCfg = Release|Any CPU
		{937BE138-4330-4651-80AA-FBCFC4AA690B}.Release|x64.Build.0 = Release|Any CPU
		{937BE138-4330-4651-80AA-FBCFC4AA690B}.Release|x86.ActiveCfg = Release|Any CPU
		{937BE138-4330-4651-80AA-FBCFC4AA690B}.Release|x86.Build.0 = Release|Any CPU
		{98F71B27-58CD-4934-98E1-1FDA47E308D9}.Debug|Any CPU.ActiveCfg = Debug|Any CPU
		{98F71B27-58CD-4934-98E1-1FDA47E308D9}.Debug|Any CPU.Build.0 = Debug|Any CPU
		{98F71B27-58CD-4934-98E1-1FDA47E308D9}.Debug|x64.ActiveCfg = Debug|Any CPU
		{98F71B27-58CD-4934-98E1-1FDA47E308D9}.Debug|x64.Build.0 = Debug|Any CPU
		{98F71B27-58CD-4934-98E1-1FDA47E308D9}.Debug|x86.ActiveCfg = Debug|Any CPU
		{98F71B27-58CD-4934-98E1-1FDA47E308D9}.Debug|x86.Build.0 = Debug|Any CPU
		{98F71B27-58CD-4934-98E1-1FDA47E308D9}.Release|Any CPU.ActiveCfg = Release|Any CPU
		{98F71B27-58CD-4934-98E1-1FDA47E308D9}.Release|Any CPU.Build.0 = Release|Any CPU
		{98F71B27-58CD-4934-98E1-1FDA47E308D9}.Release|x64.ActiveCfg = Release|Any CPU
		{98F71B27-58CD-4934-98E1-1FDA47E308D9}.Release|x64.Build.0 = Release|Any CPU
		{98F71B27-58CD-4934-98E1-1FDA47E308D9}.Release|x86.ActiveCfg = Release|Any CPU
		{98F71B27-58CD-4934-98E1-1FDA47E308D9}.Release|x86.Build.0 = Release|Any CPU
		{C24B5E35-62D8-4A27-BC6D-CBCB6AC9A728}.Debug|Any CPU.ActiveCfg = Debug|Any CPU
		{C24B5E35-62D8-4A27-BC6D-CBCB6AC9A728}.Debug|Any CPU.Build.0 = Debug|Any CPU
		{C24B5E35-62D8-4A27-BC6D-CBCB6AC9A728}.Debug|x64.ActiveCfg = Debug|Any CPU
		{C24B5E35-62D8-4A27-BC6D-CBCB6AC9A728}.Debug|x64.Build.0 = Debug|Any CPU
		{C24B5E35-62D8-4A27-BC6D-CBCB6AC9A728}.Debug|x86.ActiveCfg = Debug|Any CPU
		{C24B5E35-62D8-4A27-BC6D-CBCB6AC9A728}.Debug|x86.Build.0 = Debug|Any CPU
		{C24B5E35-62D8-4A27-BC6D-CBCB6AC9A728}.Release|Any CPU.ActiveCfg = Release|Any CPU
		{C24B5E35-62D8-4A27-BC6D-CBCB6AC9A728}.Release|Any CPU.Build.0 = Release|Any CPU
		{C24B5E35-62D8-4A27-BC6D-CBCB6AC9A728}.Release|x64.ActiveCfg = Release|Any CPU
		{C24B5E35-62D8-4A27-BC6D-CBCB6AC9A728}.Release|x64.Build.0 = Release|Any CPU
		{C24B5E35-62D8-4A27-BC6D-CBCB6AC9A728}.Release|x86.ActiveCfg = Release|Any CPU
		{C24B5E35-62D8-4A27-BC6D-CBCB6AC9A728}.Release|x86.Build.0 = Release|Any CPU
		{5A74DA8A-5DCC-48C6-BEA4-CFE8C557FB19}.Debug|Any CPU.ActiveCfg = Debug|Any CPU
		{5A74DA8A-5DCC-48C6-BEA4-CFE8C557FB19}.Debug|Any CPU.Build.0 = Debug|Any CPU
		{5A74DA8A-5DCC-48C6-BEA4-CFE8C557FB19}.Debug|x64.ActiveCfg = Debug|Any CPU
		{5A74DA8A-5DCC-48C6-BEA4-CFE8C557FB19}.Debug|x64.Build.0 = Debug|Any CPU
		{5A74DA8A-5DCC-48C6-BEA4-CFE8C557FB19}.Debug|x86.ActiveCfg = Debug|Any CPU
		{5A74DA8A-5DCC-48C6-BEA4-CFE8C557FB19}.Debug|x86.Build.0 = Debug|Any CPU
		{5A74DA8A-5DCC-48C6-BEA4-CFE8C557FB19}.Release|Any CPU.ActiveCfg = Release|Any CPU
		{5A74DA8A-5DCC-48C6-BEA4-CFE8C557FB19}.Release|Any CPU.Build.0 = Release|Any CPU
		{5A74DA8A-5DCC-48C6-BEA4-CFE8C557FB19}.Release|x64.ActiveCfg = Release|Any CPU
		{5A74DA8A-5DCC-48C6-BEA4-CFE8C557FB19}.Release|x64.Build.0 = Release|Any CPU
		{5A74DA8A-5DCC-48C6-BEA4-CFE8C557FB19}.Release|x86.ActiveCfg = Release|Any CPU
		{5A74DA8A-5DCC-48C6-BEA4-CFE8C557FB19}.Release|x86.Build.0 = Release|Any CPU
		{6840D716-62EC-4452-82A9-A83C9F9D6702}.Debug|Any CPU.ActiveCfg = Debug|Any CPU
		{6840D716-62EC-4452-82A9-A83C9F9D6702}.Debug|Any CPU.Build.0 = Debug|Any CPU
		{6840D716-62EC-4452-82A9-A83C9F9D6702}.Debug|x64.ActiveCfg = Debug|Any CPU
		{6840D716-62EC-4452-82A9-A83C9F9D6702}.Debug|x64.Build.0 = Debug|Any CPU
		{6840D716-62EC-4452-82A9-A83C9F9D6702}.Debug|x86.ActiveCfg = Debug|Any CPU
		{6840D716-62EC-4452-82A9-A83C9F9D6702}.Debug|x86.Build.0 = Debug|Any CPU
		{6840D716-62EC-4452-82A9-A83C9F9D6702}.Release|Any CPU.ActiveCfg = Release|Any CPU
		{6840D716-62EC-4452-82A9-A83C9F9D6702}.Release|Any CPU.Build.0 = Release|Any CPU
		{6840D716-62EC-4452-82A9-A83C9F9D6702}.Release|x64.ActiveCfg = Release|Any CPU
		{6840D716-62EC-4452-82A9-A83C9F9D6702}.Release|x64.Build.0 = Release|Any CPU
		{6840D716-62EC-4452-82A9-A83C9F9D6702}.Release|x86.ActiveCfg = Release|Any CPU
		{6840D716-62EC-4452-82A9-A83C9F9D6702}.Release|x86.Build.0 = Release|Any CPU
		{1D6749CA-0CB9-4499-B711-807F63D11EFF}.Debug|Any CPU.ActiveCfg = Debug|Any CPU
		{1D6749CA-0CB9-4499-B711-807F63D11EFF}.Debug|Any CPU.Build.0 = Debug|Any CPU
		{1D6749CA-0CB9-4499-B711-807F63D11EFF}.Debug|x64.ActiveCfg = Debug|Any CPU
		{1D6749CA-0CB9-4499-B711-807F63D11EFF}.Debug|x64.Build.0 = Debug|Any CPU
		{1D6749CA-0CB9-4499-B711-807F63D11EFF}.Debug|x86.ActiveCfg = Debug|Any CPU
		{1D6749CA-0CB9-4499-B711-807F63D11EFF}.Debug|x86.Build.0 = Debug|Any CPU
		{1D6749CA-0CB9-4499-B711-807F63D11EFF}.Release|Any CPU.ActiveCfg = Release|Any CPU
		{1D6749CA-0CB9-4499-B711-807F63D11EFF}.Release|Any CPU.Build.0 = Release|Any CPU
		{1D6749CA-0CB9-4499-B711-807F63D11EFF}.Release|x64.ActiveCfg = Release|Any CPU
		{1D6749CA-0CB9-4499-B711-807F63D11EFF}.Release|x64.Build.0 = Release|Any CPU
		{1D6749CA-0CB9-4499-B711-807F63D11EFF}.Release|x86.ActiveCfg = Release|Any CPU
		{1D6749CA-0CB9-4499-B711-807F63D11EFF}.Release|x86.Build.0 = Release|Any CPU
		{B3B0E85A-3D54-40BE-BC9B-0BDAEB7E66C0}.Debug|Any CPU.ActiveCfg = Debug|Any CPU
		{B3B0E85A-3D54-40BE-BC9B-0BDAEB7E66C0}.Debug|Any CPU.Build.0 = Debug|Any CPU
		{B3B0E85A-3D54-40BE-BC9B-0BDAEB7E66C0}.Debug|x64.ActiveCfg = Debug|Any CPU
		{B3B0E85A-3D54-40BE-BC9B-0BDAEB7E66C0}.Debug|x64.Build.0 = Debug|Any CPU
		{B3B0E85A-3D54-40BE-BC9B-0BDAEB7E66C0}.Debug|x86.ActiveCfg = Debug|Any CPU
		{B3B0E85A-3D54-40BE-BC9B-0BDAEB7E66C0}.Debug|x86.Build.0 = Debug|Any CPU
		{B3B0E85A-3D54-40BE-BC9B-0BDAEB7E66C0}.Release|Any CPU.ActiveCfg = Release|Any CPU
		{B3B0E85A-3D54-40BE-BC9B-0BDAEB7E66C0}.Release|Any CPU.Build.0 = Release|Any CPU
		{B3B0E85A-3D54-40BE-BC9B-0BDAEB7E66C0}.Release|x64.ActiveCfg = Release|Any CPU
		{B3B0E85A-3D54-40BE-BC9B-0BDAEB7E66C0}.Release|x64.Build.0 = Release|Any CPU
		{B3B0E85A-3D54-40BE-BC9B-0BDAEB7E66C0}.Release|x86.ActiveCfg = Release|Any CPU
		{B3B0E85A-3D54-40BE-BC9B-0BDAEB7E66C0}.Release|x86.Build.0 = Release|Any CPU
		{1B9668D4-6342-4BB1-B2F2-315AA5D794D1}.Debug|Any CPU.ActiveCfg = Debug|Any CPU
		{1B9668D4-6342-4BB1-B2F2-315AA5D794D1}.Debug|Any CPU.Build.0 = Debug|Any CPU
		{1B9668D4-6342-4BB1-B2F2-315AA5D794D1}.Debug|x64.ActiveCfg = Debug|Any CPU
		{1B9668D4-6342-4BB1-B2F2-315AA5D794D1}.Debug|x64.Build.0 = Debug|Any CPU
		{1B9668D4-6342-4BB1-B2F2-315AA5D794D1}.Debug|x86.ActiveCfg = Debug|Any CPU
		{1B9668D4-6342-4BB1-B2F2-315AA5D794D1}.Debug|x86.Build.0 = Debug|Any CPU
		{1B9668D4-6342-4BB1-B2F2-315AA5D794D1}.Release|Any CPU.ActiveCfg = Release|Any CPU
		{1B9668D4-6342-4BB1-B2F2-315AA5D794D1}.Release|Any CPU.Build.0 = Release|Any CPU
		{1B9668D4-6342-4BB1-B2F2-315AA5D794D1}.Release|x64.ActiveCfg = Release|Any CPU
		{1B9668D4-6342-4BB1-B2F2-315AA5D794D1}.Release|x64.Build.0 = Release|Any CPU
		{1B9668D4-6342-4BB1-B2F2-315AA5D794D1}.Release|x86.ActiveCfg = Release|Any CPU
		{1B9668D4-6342-4BB1-B2F2-315AA5D794D1}.Release|x86.Build.0 = Release|Any CPU
		{E76FE915-9812-477A-8D9F-24EC75D6A1ED}.Debug|Any CPU.ActiveCfg = Debug|Any CPU
		{E76FE915-9812-477A-8D9F-24EC75D6A1ED}.Debug|Any CPU.Build.0 = Debug|Any CPU
		{E76FE915-9812-477A-8D9F-24EC75D6A1ED}.Debug|x64.ActiveCfg = Debug|Any CPU
		{E76FE915-9812-477A-8D9F-24EC75D6A1ED}.Debug|x64.Build.0 = Debug|Any CPU
		{E76FE915-9812-477A-8D9F-24EC75D6A1ED}.Debug|x86.ActiveCfg = Debug|Any CPU
		{E76FE915-9812-477A-8D9F-24EC75D6A1ED}.Debug|x86.Build.0 = Debug|Any CPU
		{E76FE915-9812-477A-8D9F-24EC75D6A1ED}.Release|Any CPU.ActiveCfg = Release|Any CPU
		{E76FE915-9812-477A-8D9F-24EC75D6A1ED}.Release|Any CPU.Build.0 = Release|Any CPU
		{E76FE915-9812-477A-8D9F-24EC75D6A1ED}.Release|x64.ActiveCfg = Release|Any CPU
		{E76FE915-9812-477A-8D9F-24EC75D6A1ED}.Release|x64.Build.0 = Release|Any CPU
		{E76FE915-9812-477A-8D9F-24EC75D6A1ED}.Release|x86.ActiveCfg = Release|Any CPU
		{E76FE915-9812-477A-8D9F-24EC75D6A1ED}.Release|x86.Build.0 = Release|Any CPU
		{3A768EF5-D48C-46DD-8BDF-E6CB9D2BC0AD}.Debug|Any CPU.ActiveCfg = Debug|Any CPU
		{3A768EF5-D48C-46DD-8BDF-E6CB9D2BC0AD}.Debug|Any CPU.Build.0 = Debug|Any CPU
		{3A768EF5-D48C-46DD-8BDF-E6CB9D2BC0AD}.Debug|x64.ActiveCfg = Debug|Any CPU
		{3A768EF5-D48C-46DD-8BDF-E6CB9D2BC0AD}.Debug|x64.Build.0 = Debug|Any CPU
		{3A768EF5-D48C-46DD-8BDF-E6CB9D2BC0AD}.Debug|x86.ActiveCfg = Debug|Any CPU
		{3A768EF5-D48C-46DD-8BDF-E6CB9D2BC0AD}.Debug|x86.Build.0 = Debug|Any CPU
		{3A768EF5-D48C-46DD-8BDF-E6CB9D2BC0AD}.Release|Any CPU.ActiveCfg = Release|Any CPU
		{3A768EF5-D48C-46DD-8BDF-E6CB9D2BC0AD}.Release|Any CPU.Build.0 = Release|Any CPU
		{3A768EF5-D48C-46DD-8BDF-E6CB9D2BC0AD}.Release|x64.ActiveCfg = Release|Any CPU
		{3A768EF5-D48C-46DD-8BDF-E6CB9D2BC0AD}.Release|x64.Build.0 = Release|Any CPU
		{3A768EF5-D48C-46DD-8BDF-E6CB9D2BC0AD}.Release|x86.ActiveCfg = Release|Any CPU
		{3A768EF5-D48C-46DD-8BDF-E6CB9D2BC0AD}.Release|x86.Build.0 = Release|Any CPU
		{ABDAF348-CB1D-4D36-B8B6-D2CD92A026C8}.Debug|Any CPU.ActiveCfg = Debug|Any CPU
		{ABDAF348-CB1D-4D36-B8B6-D2CD92A026C8}.Debug|Any CPU.Build.0 = Debug|Any CPU
		{ABDAF348-CB1D-4D36-B8B6-D2CD92A026C8}.Debug|x64.ActiveCfg = Debug|Any CPU
		{ABDAF348-CB1D-4D36-B8B6-D2CD92A026C8}.Debug|x64.Build.0 = Debug|Any CPU
		{ABDAF348-CB1D-4D36-B8B6-D2CD92A026C8}.Debug|x86.ActiveCfg = Debug|Any CPU
		{ABDAF348-CB1D-4D36-B8B6-D2CD92A026C8}.Debug|x86.Build.0 = Debug|Any CPU
		{ABDAF348-CB1D-4D36-B8B6-D2CD92A026C8}.Release|Any CPU.ActiveCfg = Release|Any CPU
		{ABDAF348-CB1D-4D36-B8B6-D2CD92A026C8}.Release|Any CPU.Build.0 = Release|Any CPU
		{ABDAF348-CB1D-4D36-B8B6-D2CD92A026C8}.Release|x64.ActiveCfg = Release|Any CPU
		{ABDAF348-CB1D-4D36-B8B6-D2CD92A026C8}.Release|x64.Build.0 = Release|Any CPU
		{ABDAF348-CB1D-4D36-B8B6-D2CD92A026C8}.Release|x86.ActiveCfg = Release|Any CPU
		{ABDAF348-CB1D-4D36-B8B6-D2CD92A026C8}.Release|x86.Build.0 = Release|Any CPU
		{86A1095D-B3D6-44A6-AC94-D59419D99170}.Debug|Any CPU.ActiveCfg = Debug|Any CPU
		{86A1095D-B3D6-44A6-AC94-D59419D99170}.Debug|Any CPU.Build.0 = Debug|Any CPU
		{86A1095D-B3D6-44A6-AC94-D59419D99170}.Debug|x64.ActiveCfg = Debug|Any CPU
		{86A1095D-B3D6-44A6-AC94-D59419D99170}.Debug|x64.Build.0 = Debug|Any CPU
		{86A1095D-B3D6-44A6-AC94-D59419D99170}.Debug|x86.ActiveCfg = Debug|Any CPU
		{86A1095D-B3D6-44A6-AC94-D59419D99170}.Debug|x86.Build.0 = Debug|Any CPU
		{86A1095D-B3D6-44A6-AC94-D59419D99170}.Release|Any CPU.ActiveCfg = Release|Any CPU
		{86A1095D-B3D6-44A6-AC94-D59419D99170}.Release|Any CPU.Build.0 = Release|Any CPU
		{86A1095D-B3D6-44A6-AC94-D59419D99170}.Release|x64.ActiveCfg = Release|Any CPU
		{86A1095D-B3D6-44A6-AC94-D59419D99170}.Release|x64.Build.0 = Release|Any CPU
		{86A1095D-B3D6-44A6-AC94-D59419D99170}.Release|x86.ActiveCfg = Release|Any CPU
		{86A1095D-B3D6-44A6-AC94-D59419D99170}.Release|x86.Build.0 = Release|Any CPU
		{CC49A829-1319-4A3C-9FD3-7B958BEFDB7F}.Debug|Any CPU.ActiveCfg = Debug|Any CPU
		{CC49A829-1319-4A3C-9FD3-7B958BEFDB7F}.Debug|Any CPU.Build.0 = Debug|Any CPU
		{CC49A829-1319-4A3C-9FD3-7B958BEFDB7F}.Debug|x64.ActiveCfg = Debug|Any CPU
		{CC49A829-1319-4A3C-9FD3-7B958BEFDB7F}.Debug|x64.Build.0 = Debug|Any CPU
		{CC49A829-1319-4A3C-9FD3-7B958BEFDB7F}.Debug|x86.ActiveCfg = Debug|Any CPU
		{CC49A829-1319-4A3C-9FD3-7B958BEFDB7F}.Debug|x86.Build.0 = Debug|Any CPU
		{CC49A829-1319-4A3C-9FD3-7B958BEFDB7F}.Release|Any CPU.ActiveCfg = Release|Any CPU
		{CC49A829-1319-4A3C-9FD3-7B958BEFDB7F}.Release|Any CPU.Build.0 = Release|Any CPU
		{CC49A829-1319-4A3C-9FD3-7B958BEFDB7F}.Release|x64.ActiveCfg = Release|Any CPU
		{CC49A829-1319-4A3C-9FD3-7B958BEFDB7F}.Release|x64.Build.0 = Release|Any CPU
		{CC49A829-1319-4A3C-9FD3-7B958BEFDB7F}.Release|x86.ActiveCfg = Release|Any CPU
		{CC49A829-1319-4A3C-9FD3-7B958BEFDB7F}.Release|x86.Build.0 = Release|Any CPU
		{A5541497-EB30-483E-B1E8-12EF7C2CD659}.Debug|Any CPU.ActiveCfg = Debug|Any CPU
		{A5541497-EB30-483E-B1E8-12EF7C2CD659}.Debug|Any CPU.Build.0 = Debug|Any CPU
		{A5541497-EB30-483E-B1E8-12EF7C2CD659}.Debug|x64.ActiveCfg = Debug|Any CPU
		{A5541497-EB30-483E-B1E8-12EF7C2CD659}.Debug|x64.Build.0 = Debug|Any CPU
		{A5541497-EB30-483E-B1E8-12EF7C2CD659}.Debug|x86.ActiveCfg = Debug|Any CPU
		{A5541497-EB30-483E-B1E8-12EF7C2CD659}.Debug|x86.Build.0 = Debug|Any CPU
		{A5541497-EB30-483E-B1E8-12EF7C2CD659}.Release|Any CPU.ActiveCfg = Release|Any CPU
		{A5541497-EB30-483E-B1E8-12EF7C2CD659}.Release|Any CPU.Build.0 = Release|Any CPU
		{A5541497-EB30-483E-B1E8-12EF7C2CD659}.Release|x64.ActiveCfg = Release|Any CPU
		{A5541497-EB30-483E-B1E8-12EF7C2CD659}.Release|x64.Build.0 = Release|Any CPU
		{A5541497-EB30-483E-B1E8-12EF7C2CD659}.Release|x86.ActiveCfg = Release|Any CPU
		{A5541497-EB30-483E-B1E8-12EF7C2CD659}.Release|x86.Build.0 = Release|Any CPU
		{64F2C2B1-45F8-4EFE-A953-5386A489FDBC}.Debug|Any CPU.ActiveCfg = Debug|Any CPU
		{64F2C2B1-45F8-4EFE-A953-5386A489FDBC}.Debug|Any CPU.Build.0 = Debug|Any CPU
		{64F2C2B1-45F8-4EFE-A953-5386A489FDBC}.Debug|x64.ActiveCfg = Debug|Any CPU
		{64F2C2B1-45F8-4EFE-A953-5386A489FDBC}.Debug|x64.Build.0 = Debug|Any CPU
		{64F2C2B1-45F8-4EFE-A953-5386A489FDBC}.Debug|x86.ActiveCfg = Debug|Any CPU
		{64F2C2B1-45F8-4EFE-A953-5386A489FDBC}.Debug|x86.Build.0 = Debug|Any CPU
		{64F2C2B1-45F8-4EFE-A953-5386A489FDBC}.Release|Any CPU.ActiveCfg = Release|Any CPU
		{64F2C2B1-45F8-4EFE-A953-5386A489FDBC}.Release|Any CPU.Build.0 = Release|Any CPU
		{64F2C2B1-45F8-4EFE-A953-5386A489FDBC}.Release|x64.ActiveCfg = Release|Any CPU
		{64F2C2B1-45F8-4EFE-A953-5386A489FDBC}.Release|x64.Build.0 = Release|Any CPU
		{64F2C2B1-45F8-4EFE-A953-5386A489FDBC}.Release|x86.ActiveCfg = Release|Any CPU
		{64F2C2B1-45F8-4EFE-A953-5386A489FDBC}.Release|x86.Build.0 = Release|Any CPU
		{A06613C9-8020-49AE-BB8F-17F9FC9DCB9C}.Debug|Any CPU.ActiveCfg = Debug|Any CPU
		{A06613C9-8020-49AE-BB8F-17F9FC9DCB9C}.Debug|Any CPU.Build.0 = Debug|Any CPU
		{A06613C9-8020-49AE-BB8F-17F9FC9DCB9C}.Debug|x64.ActiveCfg = Debug|Any CPU
		{A06613C9-8020-49AE-BB8F-17F9FC9DCB9C}.Debug|x64.Build.0 = Debug|Any CPU
		{A06613C9-8020-49AE-BB8F-17F9FC9DCB9C}.Debug|x86.ActiveCfg = Debug|Any CPU
		{A06613C9-8020-49AE-BB8F-17F9FC9DCB9C}.Debug|x86.Build.0 = Debug|Any CPU
		{A06613C9-8020-49AE-BB8F-17F9FC9DCB9C}.Release|Any CPU.ActiveCfg = Release|Any CPU
		{A06613C9-8020-49AE-BB8F-17F9FC9DCB9C}.Release|Any CPU.Build.0 = Release|Any CPU
		{A06613C9-8020-49AE-BB8F-17F9FC9DCB9C}.Release|x64.ActiveCfg = Release|Any CPU
		{A06613C9-8020-49AE-BB8F-17F9FC9DCB9C}.Release|x64.Build.0 = Release|Any CPU
		{A06613C9-8020-49AE-BB8F-17F9FC9DCB9C}.Release|x86.ActiveCfg = Release|Any CPU
		{A06613C9-8020-49AE-BB8F-17F9FC9DCB9C}.Release|x86.Build.0 = Release|Any CPU
	EndGlobalSection
	GlobalSection(SolutionProperties) = preSolution
		HideSolutionNode = FALSE
	EndGlobalSection
	GlobalSection(NestedProjects) = preSolution
	EndGlobalSection
EndGlobal
